
Microsoft Visual Studio Solution File, Format Version 12.00
# Visual Studio 15
VisualStudioVersion = 15.0.26228.9
MinimumVisualStudioVersion = 10.0.40219.1
Project("{8BC9CEB8-8B4A-11D0-8D11-00A0C91BC942}") = "Exam01-cout", "CppBasic\CppBasic.vcxproj", "{FD20371D-B8E6-40CD-9FDD-0AC61C6C3AAF}"
EndProject
Project("{8BC9CEB8-8B4A-11D0-8D11-00A0C91BC942}") = "Exam02-cin", "Exam02\Exam02.vcxproj", "{91FEBB68-B571-4974-A40D-CFA97A85CB40}"
EndProject
Project("{8BC9CEB8-8B4A-11D0-8D11-00A0C91BC942}") = "Exam03-MultiInput", "Exam0\Exam0.vcxproj", "{58EA7B3A-A95B-44CB-90FE-E352F093AB88}"
EndProject
Project("{8BC9CEB8-8B4A-11D0-8D11-00A0C91BC942}") = "Exam04-ArrayInput", "Exam04\Exam04.vcxproj", "{D5C9F8DD-F84D-4A80-B8F7-741EC9763766}"
EndProject
Project("{8BC9CEB8-8B4A-11D0-8D11-00A0C91BC942}") = "Exam05-OverLoading", "Exam05\Exam05.vcxproj", "{F4D2CCEE-E373-471B-990B-840028C73775}"
EndProject
Project("{8BC9CEB8-8B4A-11D0-8D11-00A0C91BC942}") = "Exam06", "Exam06\Exam06.vcxproj", "{89668C12-6A3C-4746-A87D-3A63EBC9320B}"
EndProject
Project("{8BC9CEB8-8B4A-11D0-8D11-00A0C91BC942}") = "Exam07", "Exam07\Exam07.vcxproj", "{4F451C95-6887-4D5F-98D0-5E4655257891}"
EndProject
Project("{8BC9CEB8-8B4A-11D0-8D11-00A0C91BC942}") = "Exam08", "Exam08\Exam08.vcxproj", "{D599C43E-A1D7-4DF3-A70E-559D5C95D520}"
EndProject
Project("{8BC9CEB8-8B4A-11D0-8D11-00A0C91BC942}") = "Exam09", "Exam09\Exam09.vcxproj", "{17D6EEA2-7EB9-4165-AC29-2D4359E7CB5D}"
EndProject
Project("{8BC9CEB8-8B4A-11D0-8D11-00A0C91BC942}") = "Exam10", "Exam10\Exam10.vcxproj", "{EAC9E639-93BD-48B1-BBB4-3863C7D159B7}"
EndProject
Project("{8BC9CEB8-8B4A-11D0-8D11-00A0C91BC942}") = "Exam11", "Exam11\Exam11.vcxproj", "{F0912CB2-787F-4951-BDFB-2B1990342660}"
EndProject
Project("{8BC9CEB8-8B4A-11D0-8D11-00A0C91BC942}") = "Exam12", "Exam12\Exam12.vcxproj", "{A2CA892C-26A5-461F-AE4B-AF64DF5D99DA}"
EndProject
Project("{8BC9CEB8-8B4A-11D0-8D11-00A0C91BC942}") = "Exam13", "Exam13\Exam13.vcxproj", "{1B414FB7-49F0-4837-83D3-116FEE2E590B}"
EndProject
Project("{8BC9CEB8-8B4A-11D0-8D11-00A0C91BC942}") = "Exam14", "Exam14\Exam14.vcxproj", "{062DF040-5B53-413B-80A4-75F865EF2A78}"
EndProject
Project("{8BC9CEB8-8B4A-11D0-8D11-00A0C91BC942}") = "Exam15", "Exam15\Exam15.vcxproj", "{34D7EB90-45D8-4832-A493-C276BF1AC396}"
EndProject
Global
	GlobalSection(SolutionConfigurationPlatforms) = preSolution
		Debug|x64 = Debug|x64
		Debug|x86 = Debug|x86
		Release|x64 = Release|x64
		Release|x86 = Release|x86
	EndGlobalSection
	GlobalSection(ProjectConfigurationPlatforms) = postSolution
		{FD20371D-B8E6-40CD-9FDD-0AC61C6C3AAF}.Debug|x64.ActiveCfg = Debug|x64
		{FD20371D-B8E6-40CD-9FDD-0AC61C6C3AAF}.Debug|x64.Build.0 = Debug|x64
		{FD20371D-B8E6-40CD-9FDD-0AC61C6C3AAF}.Debug|x86.ActiveCfg = Debug|Win32
		{FD20371D-B8E6-40CD-9FDD-0AC61C6C3AAF}.Debug|x86.Build.0 = Debug|Win32
		{FD20371D-B8E6-40CD-9FDD-0AC61C6C3AAF}.Release|x64.ActiveCfg = Release|x64
		{FD20371D-B8E6-40CD-9FDD-0AC61C6C3AAF}.Release|x64.Build.0 = Release|x64
		{FD20371D-B8E6-40CD-9FDD-0AC61C6C3AAF}.Release|x86.ActiveCfg = Release|Win32
		{FD20371D-B8E6-40CD-9FDD-0AC61C6C3AAF}.Release|x86.Build.0 = Release|Win32
		{91FEBB68-B571-4974-A40D-CFA97A85CB40}.Debug|x64.ActiveCfg = Debug|x64
		{91FEBB68-B571-4974-A40D-CFA97A85CB40}.Debug|x64.Build.0 = Debug|x64
		{91FEBB68-B571-4974-A40D-CFA97A85CB40}.Debug|x86.ActiveCfg = Debug|Win32
		{91FEBB68-B571-4974-A40D-CFA97A85CB40}.Debug|x86.Build.0 = Debug|Win32
		{91FEBB68-B571-4974-A40D-CFA97A85CB40}.Release|x64.ActiveCfg = Release|x64
		{91FEBB68-B571-4974-A40D-CFA97A85CB40}.Release|x64.Build.0 = Release|x64
		{91FEBB68-B571-4974-A40D-CFA97A85CB40}.Release|x86.ActiveCfg = Release|Win32
		{91FEBB68-B571-4974-A40D-CFA97A85CB40}.Release|x86.Build.0 = Release|Win32
		{58EA7B3A-A95B-44CB-90FE-E352F093AB88}.Debug|x64.ActiveCfg = Debug|x64
		{58EA7B3A-A95B-44CB-90FE-E352F093AB88}.Debug|x64.Build.0 = Debug|x64
		{58EA7B3A-A95B-44CB-90FE-E352F093AB88}.Debug|x86.ActiveCfg = Debug|Win32
		{58EA7B3A-A95B-44CB-90FE-E352F093AB88}.Debug|x86.Build.0 = Debug|Win32
		{58EA7B3A-A95B-44CB-90FE-E352F093AB88}.Release|x64.ActiveCfg = Release|x64
		{58EA7B3A-A95B-44CB-90FE-E352F093AB88}.Release|x64.Build.0 = Release|x64
		{58EA7B3A-A95B-44CB-90FE-E352F093AB88}.Release|x86.ActiveCfg = Release|Win32
		{58EA7B3A-A95B-44CB-90FE-E352F093AB88}.Release|x86.Build.0 = Release|Win32
		{D5C9F8DD-F84D-4A80-B8F7-741EC9763766}.Debug|x64.ActiveCfg = Debug|x64
		{D5C9F8DD-F84D-4A80-B8F7-741EC9763766}.Debug|x64.Build.0 = Debug|x64
		{D5C9F8DD-F84D-4A80-B8F7-741EC9763766}.Debug|x86.ActiveCfg = Debug|Win32
		{D5C9F8DD-F84D-4A80-B8F7-741EC9763766}.Debug|x86.Build.0 = Debug|Win32
		{D5C9F8DD-F84D-4A80-B8F7-741EC9763766}.Release|x64.ActiveCfg = Release|x64
		{D5C9F8DD-F84D-4A80-B8F7-741EC9763766}.Release|x64.Build.0 = Release|x64
		{D5C9F8DD-F84D-4A80-B8F7-741EC9763766}.Release|x86.ActiveCfg = Release|Win32
		{D5C9F8DD-F84D-4A80-B8F7-741EC9763766}.Release|x86.Build.0 = Release|Win32
		{F4D2CCEE-E373-471B-990B-840028C73775}.Debug|x64.ActiveCfg = Debug|x64
		{F4D2CCEE-E373-471B-990B-840028C73775}.Debug|x64.Build.0 = Debug|x64
		{F4D2CCEE-E373-471B-990B-840028C73775}.Debug|x86.ActiveCfg = Debug|Win32
		{F4D2CCEE-E373-471B-990B-840028C73775}.Debug|x86.Build.0 = Debug|Win32
		{F4D2CCEE-E373-471B-990B-840028C73775}.Release|x64.ActiveCfg = Release|x64
		{F4D2CCEE-E373-471B-990B-840028C73775}.Release|x64.Build.0 = Release|x64
		{F4D2CCEE-E373-471B-990B-840028C73775}.Release|x86.ActiveCfg = Release|Win32
		{F4D2CCEE-E373-471B-990B-840028C73775}.Release|x86.Build.0 = Release|Win32
		{89668C12-6A3C-4746-A87D-3A63EBC9320B}.Debug|x64.ActiveCfg = Debug|x64
		{89668C12-6A3C-4746-A87D-3A63EBC9320B}.Debug|x64.Build.0 = Debug|x64
		{89668C12-6A3C-4746-A87D-3A63EBC9320B}.Debug|x86.ActiveCfg = Debug|Win32
		{89668C12-6A3C-4746-A87D-3A63EBC9320B}.Debug|x86.Build.0 = Debug|Win32
		{89668C12-6A3C-4746-A87D-3A63EBC9320B}.Release|x64.ActiveCfg = Release|x64
		{89668C12-6A3C-4746-A87D-3A63EBC9320B}.Release|x64.Build.0 = Release|x64
		{89668C12-6A3C-4746-A87D-3A63EBC9320B}.Release|x86.ActiveCfg = Release|Win32
		{89668C12-6A3C-4746-A87D-3A63EBC9320B}.Release|x86.Build.0 = Release|Win32
		{4F451C95-6887-4D5F-98D0-5E4655257891}.Debug|x64.ActiveCfg = Debug|x64
		{4F451C95-6887-4D5F-98D0-5E4655257891}.Debug|x64.Build.0 = Debug|x64
		{4F451C95-6887-4D5F-98D0-5E4655257891}.Debug|x86.ActiveCfg = Debug|Win32
		{4F451C95-6887-4D5F-98D0-5E4655257891}.Debug|x86.Build.0 = Debug|Win32
		{4F451C95-6887-4D5F-98D0-5E4655257891}.Release|x64.ActiveCfg = Release|x64
		{4F451C95-6887-4D5F-98D0-5E4655257891}.Release|x64.Build.0 = Release|x64
		{4F451C95-6887-4D5F-98D0-5E4655257891}.Release|x86.ActiveCfg = Release|Win32
		{4F451C95-6887-4D5F-98D0-5E4655257891}.Release|x86.Build.0 = Release|Win32
		{D599C43E-A1D7-4DF3-A70E-559D5C95D520}.Debug|x64.ActiveCfg = Debug|x64
		{D599C43E-A1D7-4DF3-A70E-559D5C95D520}.Debug|x64.Build.0 = Debug|x64
		{D599C43E-A1D7-4DF3-A70E-559D5C95D520}.Debug|x86.ActiveCfg = Debug|Win32
		{D599C43E-A1D7-4DF3-A70E-559D5C95D520}.Debug|x86.Build.0 = Debug|Win32
		{D599C43E-A1D7-4DF3-A70E-559D5C95D520}.Release|x64.ActiveCfg = Release|x64
		{D599C43E-A1D7-4DF3-A70E-559D5C95D520}.Release|x64.Build.0 = Release|x64
		{D599C43E-A1D7-4DF3-A70E-559D5C95D520}.Release|x86.ActiveCfg = Release|Win32
		{D599C43E-A1D7-4DF3-A70E-559D5C95D520}.Release|x86.Build.0 = Release|Win32
		{17D6EEA2-7EB9-4165-AC29-2D4359E7CB5D}.Debug|x64.ActiveCfg = Debug|x64
		{17D6EEA2-7EB9-4165-AC29-2D4359E7CB5D}.Debug|x64.Build.0 = Debug|x64
		{17D6EEA2-7EB9-4165-AC29-2D4359E7CB5D}.Debug|x86.ActiveCfg = Debug|Win32
		{17D6EEA2-7EB9-4165-AC29-2D4359E7CB5D}.Debug|x86.Build.0 = Debug|Win32
		{17D6EEA2-7EB9-4165-AC29-2D4359E7CB5D}.Release|x64.ActiveCfg = Release|x64
		{17D6EEA2-7EB9-4165-AC29-2D4359E7CB5D}.Release|x64.Build.0 = Release|x64
		{17D6EEA2-7EB9-4165-AC29-2D4359E7CB5D}.Release|x86.ActiveCfg = Release|Win32
		{17D6EEA2-7EB9-4165-AC29-2D4359E7CB5D}.Release|x86.Build.0 = Release|Win32
		{EAC9E639-93BD-48B1-BBB4-3863C7D159B7}.Debug|x64.ActiveCfg = Debug|x64
		{EAC9E639-93BD-48B1-BBB4-3863C7D159B7}.Debug|x64.Build.0 = Debug|x64
		{EAC9E639-93BD-48B1-BBB4-3863C7D159B7}.Debug|x86.ActiveCfg = Debug|Win32
		{EAC9E639-93BD-48B1-BBB4-3863C7D159B7}.Debug|x86.Build.0 = Debug|Win32
		{EAC9E639-93BD-48B1-BBB4-3863C7D159B7}.Release|x64.ActiveCfg = Release|x64
		{EAC9E639-93BD-48B1-BBB4-3863C7D159B7}.Release|x64.Build.0 = Release|x64
		{EAC9E639-93BD-48B1-BBB4-3863C7D159B7}.Release|x86.ActiveCfg = Release|Win32
		{EAC9E639-93BD-48B1-BBB4-3863C7D159B7}.Release|x86.Build.0 = Release|Win32
		{F0912CB2-787F-4951-BDFB-2B1990342660}.Debug|x64.ActiveCfg = Debug|x64
		{F0912CB2-787F-4951-BDFB-2B1990342660}.Debug|x64.Build.0 = Debug|x64
		{F0912CB2-787F-4951-BDFB-2B1990342660}.Debug|x86.ActiveCfg = Debug|Win32
		{F0912CB2-787F-4951-BDFB-2B1990342660}.Debug|x86.Build.0 = Debug|Win32
		{F0912CB2-787F-4951-BDFB-2B1990342660}.Release|x64.ActiveCfg = Release|x64
		{F0912CB2-787F-4951-BDFB-2B1990342660}.Release|x64.Build.0 = Release|x64
		{F0912CB2-787F-4951-BDFB-2B1990342660}.Release|x86.ActiveCfg = Release|Win32
		{F0912CB2-787F-4951-BDFB-2B1990342660}.Release|x86.Build.0 = Release|Win32
		{A2CA892C-26A5-461F-AE4B-AF64DF5D99DA}.Debug|x64.ActiveCfg = Debug|x64
		{A2CA892C-26A5-461F-AE4B-AF64DF5D99DA}.Debug|x64.Build.0 = Debug|x64
		{A2CA892C-26A5-461F-AE4B-AF64DF5D99DA}.Debug|x86.ActiveCfg = Debug|Win32
		{A2CA892C-26A5-461F-AE4B-AF64DF5D99DA}.Debug|x86.Build.0 = Debug|Win32
		{A2CA892C-26A5-461F-AE4B-AF64DF5D99DA}.Release|x64.ActiveCfg = Release|x64
		{A2CA892C-26A5-461F-AE4B-AF64DF5D99DA}.Release|x64.Build.0 = Release|x64
		{A2CA892C-26A5-461F-AE4B-AF64DF5D99DA}.Release|x86.ActiveCfg = Release|Win32
		{A2CA892C-26A5-461F-AE4B-AF64DF5D99DA}.Release|x86.Build.0 = Release|Win32
		{1B414FB7-49F0-4837-83D3-116FEE2E590B}.Debug|x64.ActiveCfg = Debug|x64
		{1B414FB7-49F0-4837-83D3-116FEE2E590B}.Debug|x64.Build.0 = Debug|x64
		{1B414FB7-49F0-4837-83D3-116FEE2E590B}.Debug|x86.ActiveCfg = Debug|Win32
		{1B414FB7-49F0-4837-83D3-116FEE2E590B}.Debug|x86.Build.0 = Debug|Win32
		{1B414FB7-49F0-4837-83D3-116FEE2E590B}.Release|x64.ActiveCfg = Release|x64
		{1B414FB7-49F0-4837-83D3-116FEE2E590B}.Release|x64.Build.0 = Release|x64
		{1B414FB7-49F0-4837-83D3-116FEE2E590B}.Release|x86.ActiveCfg = Release|Win32
		{1B414FB7-49F0-4837-83D3-116FEE2E590B}.Release|x86.Build.0 = Release|Win32
		{062DF040-5B53-413B-80A4-75F865EF2A78}.Debug|x64.ActiveCfg = Debug|x64
		{062DF040-5B53-413B-80A4-75F865EF2A78}.Debug|x64.Build.0 = Debug|x64
		{062DF040-5B53-413B-80A4-75F865EF2A78}.Debug|x86.ActiveCfg = Debug|Win32
		{062DF040-5B53-413B-80A4-75F865EF2A78}.Debug|x86.Build.0 = Debug|Win32
		{062DF040-5B53-413B-80A4-75F865EF2A78}.Release|x64.ActiveCfg = Release|x64
		{062DF040-5B53-413B-80A4-75F865EF2A78}.Release|x64.Build.0 = Release|x64
		{062DF040-5B53-413B-80A4-75F865EF2A78}.Release|x86.ActiveCfg = Release|Win32
		{062DF040-5B53-413B-80A4-75F865EF2A78}.Release|x86.Build.0 = Release|Win32
		{34D7EB90-45D8-4832-A493-C276BF1AC396}.Debug|x64.ActiveCfg = Debug|x64
		{34D7EB90-45D8-4832-A493-C276BF1AC396}.Debug|x64.Build.0 = Debug|x64
		{34D7EB90-45D8-4832-A493-C276BF1AC396}.Debug|x86.ActiveCfg = Debug|Win32
		{34D7EB90-45D8-4832-A493-C276BF1AC396}.Debug|x86.Build.0 = Debug|Win32
		{34D7EB90-45D8-4832-A493-C276BF1AC396}.Release|x64.ActiveCfg = Release|x64
		{34D7EB90-45D8-4832-A493-C276BF1AC396}.Release|x64.Build.0 = Release|x64
		{34D7EB90-45D8-4832-A493-C276BF1AC396}.Release|x86.ActiveCfg = Release|Win32
		{34D7EB90-45D8-4832-A493-C276BF1AC396}.Release|x86.Build.0 = Release|Win32
	EndGlobalSection
	GlobalSection(SolutionProperties) = preSolution
		HideSolutionNode = FALSE
	EndGlobalSection
EndGlobal
