
Microsoft Visual Studio Solution File, Format Version 12.00
# Visual Studio 15
VisualStudioVersion = 15.0.26228.9
MinimumVisualStudioVersion = 10.0.40219.1
Project("{8BC9CEB8-8B4A-11D0-8D11-00A0C91BC942}") = "Chapter01", "Chapter01\Chapter01.vcxproj", "{3CAF6D31-DEE9-42C9-B1CC-627E3809CE8E}"
EndProject
Project("{8BC9CEB8-8B4A-11D0-8D11-00A0C91BC942}") = "Chapter02", "Chapter02\Chapter02.vcxproj", "{17D7AD37-256F-49EE-9CE1-4C59B9EC8AAC}"
EndProject
Project("{8BC9CEB8-8B4A-11D0-8D11-00A0C91BC942}") = "Chapter03", "Chapter03\Chapter03.vcxproj", "{2C4274B6-C2EB-44BF-9813-DB7ACE576748}"
EndProject
Project("{8BC9CEB8-8B4A-11D0-8D11-00A0C91BC942}") = "Chapter04", "Chapter04\Chapter04.vcxproj", "{7D86A577-554B-48E5-AB50-E67914DF1A56}"
EndProject
Project("{8BC9CEB8-8B4A-11D0-8D11-00A0C91BC942}") = "Chapter05", "Chapter05\Chapter05.vcxproj", "{AA6A89C1-E249-4875-92E5-3F8C78A97752}"
EndProject
Project("{8BC9CEB8-8B4A-11D0-8D11-00A0C91BC942}") = "Chapter06", "Chapter06\Chapter06.vcxproj", "{C8C0618E-402C-4096-9BB9-EDA094931E3C}"
EndProject
Project("{8BC9CEB8-8B4A-11D0-8D11-00A0C91BC942}") = "Chapter07", "Chapter07\Chapter07.vcxproj", "{D1C5C398-BEC1-4077-B8A5-15C859A6E3D1}"
EndProject
Project("{8BC9CEB8-8B4A-11D0-8D11-00A0C91BC942}") = "Chapter08", "Chapter08\Chapter08.vcxproj", "{DD70ACB0-EB7A-4A22-AB74-0DDF42319595}"
EndProject
Project("{8BC9CEB8-8B4A-11D0-8D11-00A0C91BC942}") = "Chapter09", "Chapter09\Chapter09.vcxproj", "{A9E567A9-9BA0-4D95-9B19-B3B548E6CC18}"
EndProject
Project("{8BC9CEB8-8B4A-11D0-8D11-00A0C91BC942}") = "Chapter11", "Chapter11\Chapter11.vcxproj", "{D9F7278F-28AC-4D67-BD46-AE72451A7A10}"
EndProject
Project("{8BC9CEB8-8B4A-11D0-8D11-00A0C91BC942}") = "Chapter12", "Chapter12\Chapter12.vcxproj", "{4E7DB872-3F08-46BB-8594-D39869DFA1BC}"
EndProject
Project("{8BC9CEB8-8B4A-11D0-8D11-00A0C91BC942}") = "Chapter13", "Chapter13\Chapter13.vcxproj", "{4D03E3CD-345E-45EB-9B72-08C05548FF29}"
EndProject
Project("{8BC9CEB8-8B4A-11D0-8D11-00A0C91BC942}") = "Chapter14", "Chapter14\Chapter14.vcxproj", "{3EC21379-422B-4CBA-BDEC-6A6509750BA3}"
EndProject
Project("{8BC9CEB8-8B4A-11D0-8D11-00A0C91BC942}") = "Chapter15", "Chapter15\Chapter15.vcxproj", "{E723215A-27F6-45A9-BDAA-1E815AE78329}"
EndProject
Project("{8BC9CEB8-8B4A-11D0-8D11-00A0C91BC942}") = "Chapter16", "Chapter16\Chapter16.vcxproj", "{8A34AF51-6429-4209-B76A-FDE96AD821B7}"
EndProject
Project("{8BC9CEB8-8B4A-11D0-8D11-00A0C91BC942}") = "Chapter21", "Chapter21\Chapter21.vcxproj", "{AF7984E0-C7AD-4BA0-ACFF-10B7EDBEA4F7}"
EndProject
Project("{8BC9CEB8-8B4A-11D0-8D11-00A0C91BC942}") = "Chapter22", "Chapter22\Chapter22.vcxproj", "{B12F2C04-0458-4FA1-BFD6-CD02757036C3}"
EndProject
Project("{8BC9CEB8-8B4A-11D0-8D11-00A0C91BC942}") = "Chapter23", "Chapter23\Chapter23.vcxproj", "{8EB5FBD1-E33D-4D3D-9638-7B77BD3F6200}"
EndProject
Project("{8BC9CEB8-8B4A-11D0-8D11-00A0C91BC942}") = "Chapter24", "Chapter24\Chapter24.vcxproj", "{CD511743-A709-4533-82AC-5D858CC4882C}"
EndProject
Project("{8BC9CEB8-8B4A-11D0-8D11-00A0C91BC942}") = "Chapter25", "Chapter25\Chapter25.vcxproj", "{E9B40000-8133-4049-9A87-6BBF44D5A22D}"
EndProject
Project("{8BC9CEB8-8B4A-11D0-8D11-00A0C91BC942}") = "Chapter26", "Chapter26\Chapter26.vcxproj", "{6773F347-E812-418D-BB54-32754F1EF70E}"
EndProject
Global
	GlobalSection(SolutionConfigurationPlatforms) = preSolution
		Debug|x64 = Debug|x64
		Debug|x86 = Debug|x86
		Release|x64 = Release|x64
		Release|x86 = Release|x86
	EndGlobalSection
	GlobalSection(ProjectConfigurationPlatforms) = postSolution
		{3CAF6D31-DEE9-42C9-B1CC-627E3809CE8E}.Debug|x64.ActiveCfg = Debug|x64
		{3CAF6D31-DEE9-42C9-B1CC-627E3809CE8E}.Debug|x64.Build.0 = Debug|x64
		{3CAF6D31-DEE9-42C9-B1CC-627E3809CE8E}.Debug|x86.ActiveCfg = Debug|Win32
		{3CAF6D31-DEE9-42C9-B1CC-627E3809CE8E}.Debug|x86.Build.0 = Debug|Win32
		{3CAF6D31-DEE9-42C9-B1CC-627E3809CE8E}.Release|x64.ActiveCfg = Release|x64
		{3CAF6D31-DEE9-42C9-B1CC-627E3809CE8E}.Release|x64.Build.0 = Release|x64
		{3CAF6D31-DEE9-42C9-B1CC-627E3809CE8E}.Release|x86.ActiveCfg = Release|Win32
		{3CAF6D31-DEE9-42C9-B1CC-627E3809CE8E}.Release|x86.Build.0 = Release|Win32
		{17D7AD37-256F-49EE-9CE1-4C59B9EC8AAC}.Debug|x64.ActiveCfg = Debug|x64
		{17D7AD37-256F-49EE-9CE1-4C59B9EC8AAC}.Debug|x64.Build.0 = Debug|x64
		{17D7AD37-256F-49EE-9CE1-4C59B9EC8AAC}.Debug|x86.ActiveCfg = Debug|Win32
		{17D7AD37-256F-49EE-9CE1-4C59B9EC8AAC}.Debug|x86.Build.0 = Debug|Win32
		{17D7AD37-256F-49EE-9CE1-4C59B9EC8AAC}.Release|x64.ActiveCfg = Release|x64
		{17D7AD37-256F-49EE-9CE1-4C59B9EC8AAC}.Release|x64.Build.0 = Release|x64
		{17D7AD37-256F-49EE-9CE1-4C59B9EC8AAC}.Release|x86.ActiveCfg = Release|Win32
		{17D7AD37-256F-49EE-9CE1-4C59B9EC8AAC}.Release|x86.Build.0 = Release|Win32
		{2C4274B6-C2EB-44BF-9813-DB7ACE576748}.Debug|x64.ActiveCfg = Debug|x64
		{2C4274B6-C2EB-44BF-9813-DB7ACE576748}.Debug|x64.Build.0 = Debug|x64
		{2C4274B6-C2EB-44BF-9813-DB7ACE576748}.Debug|x86.ActiveCfg = Debug|Win32
		{2C4274B6-C2EB-44BF-9813-DB7ACE576748}.Debug|x86.Build.0 = Debug|Win32
		{2C4274B6-C2EB-44BF-9813-DB7ACE576748}.Release|x64.ActiveCfg = Release|x64
		{2C4274B6-C2EB-44BF-9813-DB7ACE576748}.Release|x64.Build.0 = Release|x64
		{2C4274B6-C2EB-44BF-9813-DB7ACE576748}.Release|x86.ActiveCfg = Release|Win32
		{2C4274B6-C2EB-44BF-9813-DB7ACE576748}.Release|x86.Build.0 = Release|Win32
		{7D86A577-554B-48E5-AB50-E67914DF1A56}.Debug|x64.ActiveCfg = Debug|x64
		{7D86A577-554B-48E5-AB50-E67914DF1A56}.Debug|x64.Build.0 = Debug|x64
		{7D86A577-554B-48E5-AB50-E67914DF1A56}.Debug|x86.ActiveCfg = Debug|Win32
		{7D86A577-554B-48E5-AB50-E67914DF1A56}.Debug|x86.Build.0 = Debug|Win32
		{7D86A577-554B-48E5-AB50-E67914DF1A56}.Release|x64.ActiveCfg = Release|x64
		{7D86A577-554B-48E5-AB50-E67914DF1A56}.Release|x64.Build.0 = Release|x64
		{7D86A577-554B-48E5-AB50-E67914DF1A56}.Release|x86.ActiveCfg = Release|Win32
		{7D86A577-554B-48E5-AB50-E67914DF1A56}.Release|x86.Build.0 = Release|Win32
		{AA6A89C1-E249-4875-92E5-3F8C78A97752}.Debug|x64.ActiveCfg = Debug|x64
		{AA6A89C1-E249-4875-92E5-3F8C78A97752}.Debug|x64.Build.0 = Debug|x64
		{AA6A89C1-E249-4875-92E5-3F8C78A97752}.Debug|x86.ActiveCfg = Debug|Win32
		{AA6A89C1-E249-4875-92E5-3F8C78A97752}.Debug|x86.Build.0 = Debug|Win32
		{AA6A89C1-E249-4875-92E5-3F8C78A97752}.Release|x64.ActiveCfg = Release|x64
		{AA6A89C1-E249-4875-92E5-3F8C78A97752}.Release|x64.Build.0 = Release|x64
		{AA6A89C1-E249-4875-92E5-3F8C78A97752}.Release|x86.ActiveCfg = Release|Win32
		{AA6A89C1-E249-4875-92E5-3F8C78A97752}.Release|x86.Build.0 = Release|Win32
		{C8C0618E-402C-4096-9BB9-EDA094931E3C}.Debug|x64.ActiveCfg = Debug|x64
		{C8C0618E-402C-4096-9BB9-EDA094931E3C}.Debug|x64.Build.0 = Debug|x64
		{C8C0618E-402C-4096-9BB9-EDA094931E3C}.Debug|x86.ActiveCfg = Debug|Win32
		{C8C0618E-402C-4096-9BB9-EDA094931E3C}.Debug|x86.Build.0 = Debug|Win32
		{C8C0618E-402C-4096-9BB9-EDA094931E3C}.Release|x64.ActiveCfg = Release|x64
		{C8C0618E-402C-4096-9BB9-EDA094931E3C}.Release|x64.Build.0 = Release|x64
		{C8C0618E-402C-4096-9BB9-EDA094931E3C}.Release|x86.ActiveCfg = Release|Win32
		{C8C0618E-402C-4096-9BB9-EDA094931E3C}.Release|x86.Build.0 = Release|Win32
		{D1C5C398-BEC1-4077-B8A5-15C859A6E3D1}.Debug|x64.ActiveCfg = Debug|x64
		{D1C5C398-BEC1-4077-B8A5-15C859A6E3D1}.Debug|x64.Build.0 = Debug|x64
		{D1C5C398-BEC1-4077-B8A5-15C859A6E3D1}.Debug|x86.ActiveCfg = Debug|Win32
		{D1C5C398-BEC1-4077-B8A5-15C859A6E3D1}.Debug|x86.Build.0 = Debug|Win32
		{D1C5C398-BEC1-4077-B8A5-15C859A6E3D1}.Release|x64.ActiveCfg = Release|x64
		{D1C5C398-BEC1-4077-B8A5-15C859A6E3D1}.Release|x64.Build.0 = Release|x64
		{D1C5C398-BEC1-4077-B8A5-15C859A6E3D1}.Release|x86.ActiveCfg = Release|Win32
		{D1C5C398-BEC1-4077-B8A5-15C859A6E3D1}.Release|x86.Build.0 = Release|Win32
		{DD70ACB0-EB7A-4A22-AB74-0DDF42319595}.Debug|x64.ActiveCfg = Debug|x64
		{DD70ACB0-EB7A-4A22-AB74-0DDF42319595}.Debug|x64.Build.0 = Debug|x64
		{DD70ACB0-EB7A-4A22-AB74-0DDF42319595}.Debug|x86.ActiveCfg = Debug|Win32
		{DD70ACB0-EB7A-4A22-AB74-0DDF42319595}.Debug|x86.Build.0 = Debug|Win32
		{DD70ACB0-EB7A-4A22-AB74-0DDF42319595}.Release|x64.ActiveCfg = Release|x64
		{DD70ACB0-EB7A-4A22-AB74-0DDF42319595}.Release|x64.Build.0 = Release|x64
		{DD70ACB0-EB7A-4A22-AB74-0DDF42319595}.Release|x86.ActiveCfg = Release|Win32
		{DD70ACB0-EB7A-4A22-AB74-0DDF42319595}.Release|x86.Build.0 = Release|Win32
		{A9E567A9-9BA0-4D95-9B19-B3B548E6CC18}.Debug|x64.ActiveCfg = Debug|x64
		{A9E567A9-9BA0-4D95-9B19-B3B548E6CC18}.Debug|x64.Build.0 = Debug|x64
		{A9E567A9-9BA0-4D95-9B19-B3B548E6CC18}.Debug|x86.ActiveCfg = Debug|Win32
		{A9E567A9-9BA0-4D95-9B19-B3B548E6CC18}.Debug|x86.Build.0 = Debug|Win32
		{A9E567A9-9BA0-4D95-9B19-B3B548E6CC18}.Release|x64.ActiveCfg = Release|x64
		{A9E567A9-9BA0-4D95-9B19-B3B548E6CC18}.Release|x64.Build.0 = Release|x64
		{A9E567A9-9BA0-4D95-9B19-B3B548E6CC18}.Release|x86.ActiveCfg = Release|Win32
		{A9E567A9-9BA0-4D95-9B19-B3B548E6CC18}.Release|x86.Build.0 = Release|Win32
		{D9F7278F-28AC-4D67-BD46-AE72451A7A10}.Debug|x64.ActiveCfg = Debug|x64
		{D9F7278F-28AC-4D67-BD46-AE72451A7A10}.Debug|x64.Build.0 = Debug|x64
		{D9F7278F-28AC-4D67-BD46-AE72451A7A10}.Debug|x86.ActiveCfg = Debug|Win32
		{D9F7278F-28AC-4D67-BD46-AE72451A7A10}.Debug|x86.Build.0 = Debug|Win32
		{D9F7278F-28AC-4D67-BD46-AE72451A7A10}.Release|x64.ActiveCfg = Release|x64
		{D9F7278F-28AC-4D67-BD46-AE72451A7A10}.Release|x64.Build.0 = Release|x64
		{D9F7278F-28AC-4D67-BD46-AE72451A7A10}.Release|x86.ActiveCfg = Release|Win32
		{D9F7278F-28AC-4D67-BD46-AE72451A7A10}.Release|x86.Build.0 = Release|Win32
		{4E7DB872-3F08-46BB-8594-D39869DFA1BC}.Debug|x64.ActiveCfg = Debug|x64
		{4E7DB872-3F08-46BB-8594-D39869DFA1BC}.Debug|x64.Build.0 = Debug|x64
		{4E7DB872-3F08-46BB-8594-D39869DFA1BC}.Debug|x86.ActiveCfg = Debug|Win32
		{4E7DB872-3F08-46BB-8594-D39869DFA1BC}.Debug|x86.Build.0 = Debug|Win32
		{4E7DB872-3F08-46BB-8594-D39869DFA1BC}.Release|x64.ActiveCfg = Release|x64
		{4E7DB872-3F08-46BB-8594-D39869DFA1BC}.Release|x64.Build.0 = Release|x64
		{4E7DB872-3F08-46BB-8594-D39869DFA1BC}.Release|x86.ActiveCfg = Release|Win32
		{4E7DB872-3F08-46BB-8594-D39869DFA1BC}.Release|x86.Build.0 = Release|Win32
		{4D03E3CD-345E-45EB-9B72-08C05548FF29}.Debug|x64.ActiveCfg = Debug|x64
		{4D03E3CD-345E-45EB-9B72-08C05548FF29}.Debug|x64.Build.0 = Debug|x64
		{4D03E3CD-345E-45EB-9B72-08C05548FF29}.Debug|x86.ActiveCfg = Debug|Win32
		{4D03E3CD-345E-45EB-9B72-08C05548FF29}.Debug|x86.Build.0 = Debug|Win32
		{4D03E3CD-345E-45EB-9B72-08C05548FF29}.Release|x64.ActiveCfg = Release|x64
		{4D03E3CD-345E-45EB-9B72-08C05548FF29}.Release|x64.Build.0 = Release|x64
		{4D03E3CD-345E-45EB-9B72-08C05548FF29}.Release|x86.ActiveCfg = Release|Win32
		{4D03E3CD-345E-45EB-9B72-08C05548FF29}.Release|x86.Build.0 = Release|Win32
		{3EC21379-422B-4CBA-BDEC-6A6509750BA3}.Debug|x64.ActiveCfg = Debug|x64
		{3EC21379-422B-4CBA-BDEC-6A6509750BA3}.Debug|x64.Build.0 = Debug|x64
		{3EC21379-422B-4CBA-BDEC-6A6509750BA3}.Debug|x86.ActiveCfg = Debug|Win32
		{3EC21379-422B-4CBA-BDEC-6A6509750BA3}.Debug|x86.Build.0 = Debug|Win32
		{3EC21379-422B-4CBA-BDEC-6A6509750BA3}.Release|x64.ActiveCfg = Release|x64
		{3EC21379-422B-4CBA-BDEC-6A6509750BA3}.Release|x64.Build.0 = Release|x64
		{3EC21379-422B-4CBA-BDEC-6A6509750BA3}.Release|x86.ActiveCfg = Release|Win32
		{3EC21379-422B-4CBA-BDEC-6A6509750BA3}.Release|x86.Build.0 = Release|Win32
		{E723215A-27F6-45A9-BDAA-1E815AE78329}.Debug|x64.ActiveCfg = Debug|x64
		{E723215A-27F6-45A9-BDAA-1E815AE78329}.Debug|x64.Build.0 = Debug|x64
		{E723215A-27F6-45A9-BDAA-1E815AE78329}.Debug|x86.ActiveCfg = Debug|Win32
		{E723215A-27F6-45A9-BDAA-1E815AE78329}.Debug|x86.Build.0 = Debug|Win32
		{E723215A-27F6-45A9-BDAA-1E815AE78329}.Release|x64.ActiveCfg = Release|x64
		{E723215A-27F6-45A9-BDAA-1E815AE78329}.Release|x64.Build.0 = Release|x64
		{E723215A-27F6-45A9-BDAA-1E815AE78329}.Release|x86.ActiveCfg = Release|Win32
		{E723215A-27F6-45A9-BDAA-1E815AE78329}.Release|x86.Build.0 = Release|Win32
		{8A34AF51-6429-4209-B76A-FDE96AD821B7}.Debug|x64.ActiveCfg = Debug|x64
		{8A34AF51-6429-4209-B76A-FDE96AD821B7}.Debug|x64.Build.0 = Debug|x64
		{8A34AF51-6429-4209-B76A-FDE96AD821B7}.Debug|x86.ActiveCfg = Debug|Win32
		{8A34AF51-6429-4209-B76A-FDE96AD821B7}.Debug|x86.Build.0 = Debug|Win32
		{8A34AF51-6429-4209-B76A-FDE96AD821B7}.Release|x64.ActiveCfg = Release|x64
		{8A34AF51-6429-4209-B76A-FDE96AD821B7}.Release|x64.Build.0 = Release|x64
		{8A34AF51-6429-4209-B76A-FDE96AD821B7}.Release|x86.ActiveCfg = Release|Win32
		{8A34AF51-6429-4209-B76A-FDE96AD821B7}.Release|x86.Build.0 = Release|Win32
		{AF7984E0-C7AD-4BA0-ACFF-10B7EDBEA4F7}.Debug|x64.ActiveCfg = Debug|x64
		{AF7984E0-C7AD-4BA0-ACFF-10B7EDBEA4F7}.Debug|x64.Build.0 = Debug|x64
		{AF7984E0-C7AD-4BA0-ACFF-10B7EDBEA4F7}.Debug|x86.ActiveCfg = Debug|Win32
		{AF7984E0-C7AD-4BA0-ACFF-10B7EDBEA4F7}.Debug|x86.Build.0 = Debug|Win32
		{AF7984E0-C7AD-4BA0-ACFF-10B7EDBEA4F7}.Release|x64.ActiveCfg = Release|x64
		{AF7984E0-C7AD-4BA0-ACFF-10B7EDBEA4F7}.Release|x64.Build.0 = Release|x64
		{AF7984E0-C7AD-4BA0-ACFF-10B7EDBEA4F7}.Release|x86.ActiveCfg = Release|Win32
		{AF7984E0-C7AD-4BA0-ACFF-10B7EDBEA4F7}.Release|x86.Build.0 = Release|Win32
		{B12F2C04-0458-4FA1-BFD6-CD02757036C3}.Debug|x64.ActiveCfg = Debug|x64
		{B12F2C04-0458-4FA1-BFD6-CD02757036C3}.Debug|x64.Build.0 = Debug|x64
		{B12F2C04-0458-4FA1-BFD6-CD02757036C3}.Debug|x86.ActiveCfg = Debug|Win32
		{B12F2C04-0458-4FA1-BFD6-CD02757036C3}.Debug|x86.Build.0 = Debug|Win32
		{B12F2C04-0458-4FA1-BFD6-CD02757036C3}.Release|x64.ActiveCfg = Release|x64
		{B12F2C04-0458-4FA1-BFD6-CD02757036C3}.Release|x64.Build.0 = Release|x64
		{B12F2C04-0458-4FA1-BFD6-CD02757036C3}.Release|x86.ActiveCfg = Release|Win32
		{B12F2C04-0458-4FA1-BFD6-CD02757036C3}.Release|x86.Build.0 = Release|Win32
		{8EB5FBD1-E33D-4D3D-9638-7B77BD3F6200}.Debug|x64.ActiveCfg = Debug|x64
		{8EB5FBD1-E33D-4D3D-9638-7B77BD3F6200}.Debug|x64.Build.0 = Debug|x64
		{8EB5FBD1-E33D-4D3D-9638-7B77BD3F6200}.Debug|x86.ActiveCfg = Debug|Win32
		{8EB5FBD1-E33D-4D3D-9638-7B77BD3F6200}.Debug|x86.Build.0 = Debug|Win32
		{8EB5FBD1-E33D-4D3D-9638-7B77BD3F6200}.Release|x64.ActiveCfg = Release|x64
		{8EB5FBD1-E33D-4D3D-9638-7B77BD3F6200}.Release|x64.Build.0 = Release|x64
		{8EB5FBD1-E33D-4D3D-9638-7B77BD3F6200}.Release|x86.ActiveCfg = Release|Win32
		{8EB5FBD1-E33D-4D3D-9638-7B77BD3F6200}.Release|x86.Build.0 = Release|Win32
		{CD511743-A709-4533-82AC-5D858CC4882C}.Debug|x64.ActiveCfg = Debug|x64
		{CD511743-A709-4533-82AC-5D858CC4882C}.Debug|x64.Build.0 = Debug|x64
		{CD511743-A709-4533-82AC-5D858CC4882C}.Debug|x86.ActiveCfg = Debug|Win32
		{CD511743-A709-4533-82AC-5D858CC4882C}.Debug|x86.Build.0 = Debug|Win32
		{CD511743-A709-4533-82AC-5D858CC4882C}.Release|x64.ActiveCfg = Release|x64
		{CD511743-A709-4533-82AC-5D858CC4882C}.Release|x64.Build.0 = Release|x64
		{CD511743-A709-4533-82AC-5D858CC4882C}.Release|x86.ActiveCfg = Release|Win32
		{CD511743-A709-4533-82AC-5D858CC4882C}.Release|x86.Build.0 = Release|Win32
		{E9B40000-8133-4049-9A87-6BBF44D5A22D}.Debug|x64.ActiveCfg = Debug|x64
		{E9B40000-8133-4049-9A87-6BBF44D5A22D}.Debug|x64.Build.0 = Debug|x64
		{E9B40000-8133-4049-9A87-6BBF44D5A22D}.Debug|x86.ActiveCfg = Debug|Win32
		{E9B40000-8133-4049-9A87-6BBF44D5A22D}.Debug|x86.Build.0 = Debug|Win32
		{E9B40000-8133-4049-9A87-6BBF44D5A22D}.Release|x64.ActiveCfg = Release|x64
		{E9B40000-8133-4049-9A87-6BBF44D5A22D}.Release|x64.Build.0 = Release|x64
		{E9B40000-8133-4049-9A87-6BBF44D5A22D}.Release|x86.ActiveCfg = Release|Win32
		{E9B40000-8133-4049-9A87-6BBF44D5A22D}.Release|x86.Build.0 = Release|Win32
		{6773F347-E812-418D-BB54-32754F1EF70E}.Debug|x64.ActiveCfg = Debug|x64
		{6773F347-E812-418D-BB54-32754F1EF70E}.Debug|x64.Build.0 = Debug|x64
		{6773F347-E812-418D-BB54-32754F1EF70E}.Debug|x86.ActiveCfg = Debug|Win32
		{6773F347-E812-418D-BB54-32754F1EF70E}.Debug|x86.Build.0 = Debug|Win32
		{6773F347-E812-418D-BB54-32754F1EF70E}.Release|x64.ActiveCfg = Release|x64
		{6773F347-E812-418D-BB54-32754F1EF70E}.Release|x64.Build.0 = Release|x64
		{6773F347-E812-418D-BB54-32754F1EF70E}.Release|x86.ActiveCfg = Release|Win32
		{6773F347-E812-418D-BB54-32754F1EF70E}.Release|x86.Build.0 = Release|Win32
	EndGlobalSection
	GlobalSection(SolutionProperties) = preSolution
		HideSolutionNode = FALSE
	EndGlobalSection
EndGlobal
